
Microsoft Visual Studio Solution File, Format Version 12.00
# Visual Studio Version 16
VisualStudioVersion = 16.0.30907.101
MinimumVisualStudioVersion = 10.0.40219.1
Project("{9A19103F-16F7-4668-BE54-9A1E7A4F7556}") = "DataAccess", "DataAccess\DataAccess.csproj", "{CD9F5258-8A08-4328-AF73-C40A23397D4B}"
EndProject
Project("{9A19103F-16F7-4668-BE54-9A1E7A4F7556}") = "Business", "Business\Business.csproj", "{100CDAB2-4E1E-4045-A6DC-B8DBA1F2E033}"
EndProject
Project("{9A19103F-16F7-4668-BE54-9A1E7A4F7556}") = "Entities", "Entities\Entities.csproj", "{3CEB4F70-3BCD-4C2E-8C85-EAB44A3442C6}"
EndProject
Project("{9A19103F-16F7-4668-BE54-9A1E7A4F7556}") = "ConsoleUI", "ConsoleUI\ConsoleUI.csproj", "{941E27F2-F4CA-498D-AD94-0309921EB9B5}"
EndProject
Project("{FAE04EC0-301F-11D3-BF4B-00C04F79EFBC}") = "Core", "Core\Core.csproj", "{F01CCDA4-E54A-49B8-9934-34BB096B6E54}"
EndProject
Global
	GlobalSection(SolutionConfigurationPlatforms) = preSolution
		Debug|Any CPU = Debug|Any CPU
		Release|Any CPU = Release|Any CPU
	EndGlobalSection
	GlobalSection(ProjectConfigurationPlatforms) = postSolution
		{CD9F5258-8A08-4328-AF73-C40A23397D4B}.Debug|Any CPU.ActiveCfg = Debug|Any CPU
		{CD9F5258-8A08-4328-AF73-C40A23397D4B}.Debug|Any CPU.Build.0 = Debug|Any CPU
		{CD9F5258-8A08-4328-AF73-C40A23397D4B}.Release|Any CPU.ActiveCfg = Release|Any CPU
		{CD9F5258-8A08-4328-AF73-C40A23397D4B}.Release|Any CPU.Build.0 = Release|Any CPU
		{100CDAB2-4E1E-4045-A6DC-B8DBA1F2E033}.Debug|Any CPU.ActiveCfg = Debug|Any CPU
		{100CDAB2-4E1E-4045-A6DC-B8DBA1F2E033}.Debug|Any CPU.Build.0 = Debug|Any CPU
		{100CDAB2-4E1E-4045-A6DC-B8DBA1F2E033}.Release|Any CPU.ActiveCfg = Release|Any CPU
		{100CDAB2-4E1E-4045-A6DC-B8DBA1F2E033}.Release|Any CPU.Build.0 = Release|Any CPU
		{3CEB4F70-3BCD-4C2E-8C85-EAB44A3442C6}.Debug|Any CPU.ActiveCfg = Debug|Any CPU
		{3CEB4F70-3BCD-4C2E-8C85-EAB44A3442C6}.Debug|Any CPU.Build.0 = Debug|Any CPU
		{3CEB4F70-3BCD-4C2E-8C85-EAB44A3442C6}.Release|Any CPU.ActiveCfg = Release|Any CPU
		{3CEB4F70-3BCD-4C2E-8C85-EAB44A3442C6}.Release|Any CPU.Build.0 = Release|Any CPU
		{941E27F2-F4CA-498D-AD94-0309921EB9B5}.Debug|Any CPU.ActiveCfg = Debug|Any CPU
		{941E27F2-F4CA-498D-AD94-0309921EB9B5}.Debug|Any CPU.Build.0 = Debug|Any CPU
		{941E27F2-F4CA-498D-AD94-0309921EB9B5}.Release|Any CPU.ActiveCfg = Release|Any CPU
		{941E27F2-F4CA-498D-AD94-0309921EB9B5}.Release|Any CPU.Build.0 = Release|Any CPU
		{F01CCDA4-E54A-49B8-9934-34BB096B6E54}.Debug|Any CPU.ActiveCfg = Debug|Any CPU
		{F01CCDA4-E54A-49B8-9934-34BB096B6E54}.Debug|Any CPU.Build.0 = Debug|Any CPU
		{F01CCDA4-E54A-49B8-9934-34BB096B6E54}.Release|Any CPU.ActiveCfg = Release|Any CPU
		{F01CCDA4-E54A-49B8-9934-34BB096B6E54}.Release|Any CPU.Build.0 = Release|Any CPU
	EndGlobalSection
	GlobalSection(SolutionProperties) = preSolution
		HideSolutionNode = FALSE
	EndGlobalSection
	GlobalSection(ExtensibilityGlobals) = postSolution
		SolutionGuid = {A0E493EC-B7D3-4157-A629-C9946625C8FC}
	EndGlobalSection
EndGlobal
